{
  "name": "API",
  "lockfileVersion": 2,
  "requires": true,
  "packages": {
    "": {
      "dependencies": {
        "@kolkov/ngx-gallery": "^2.0.1",
        "ngx-gallery-9": "^1.0.6",
        "ngx-toastr": "^15.0.0",
        "toastr": "^2.1.4"
      }
    },
    "node_modules/@kolkov/ngx-gallery": {
      "version": "2.0.1",
      "resolved": "https://registry.npmjs.org/@kolkov/ngx-gallery/-/ngx-gallery-2.0.1.tgz",
      "integrity": "sha512-mTigRy9Ha7bqCF/+GNKeW2Oe8ZILuM5GGMw+ZbvTQWq3X5hngeFFgv8GFG49Py3biX67kb0NhqCP+msLe4wbXQ==",
      "dependencies": {
        "tslib": "^2.3.0"
      },
      "peerDependencies": {
        "@angular/animations": ">=13.0.0 <14",
        "@angular/common": ">=13.0.0 <14",
        "@angular/core": ">=13.0.0 <14"
      }
    },
    "node_modules/jquery": {
      "version": "3.6.0",
      "resolved": "https://registry.npmjs.org/jquery/-/jquery-3.6.0.tgz",
      "integrity": "sha512-JVzAR/AjBvVt2BmYhxRCSYysDsPcssdmTFnzyLEts9qNwmjmu4JTAMYubEfwVOSwpQ1I1sKKFcxhZCI2buerfw=="
    },
    "node_modules/ngx-gallery-9": {
      "version": "1.0.6",
      "resolved": "https://registry.npmjs.org/ngx-gallery-9/-/ngx-gallery-9-1.0.6.tgz",
      "integrity": "sha512-+l8QSZi2D37wZct7ZduTqzXMeEAg3zbazyi3sdMlU7oYZ7n8ai7xjC/rN5QTT/w1gwx85LtAonV9RnNFPHGbuw==",
      "peerDependencies": {
        "tslib": "^1.10.0"
      }
    },
    "node_modules/ngx-toastr": {
      "version": "15.0.0",
      "resolved": "https://registry.npmjs.org/ngx-toastr/-/ngx-toastr-15.0.0.tgz",
      "integrity": "sha512-dseyONSYcbm+8hQUCzzyP6CnHGa8WAOGJN7dzGqgBV4sHCDiv5eZ4x/3uo7Fov2OR0O5T47keP7ND3z7tufXeg==",
      "dependencies": {
        "tslib": "^2.3.0"
      },
      "peerDependencies": {
        "@angular/common": ">=14.0.0-0",
        "@angular/core": ">=14.0.0-0",
        "@angular/platform-browser": ">=14.0.0-0"
      }
    },
    "node_modules/toastr": {
      "version": "2.1.4",
      "resolved": "https://registry.npmjs.org/toastr/-/toastr-2.1.4.tgz",
      "integrity": "sha512-LIy77F5n+sz4tefMmFOntcJ6HL0Fv3k1TDnNmFZ0bU/GcvIIfy6eG2v7zQmMiYgaalAiUv75ttFrPn5s0gyqlA==",
      "dependencies": {
        "jquery": ">=1.12.0"
      }
    },
    "node_modules/tslib": {
      "version": "2.4.0",
      "resolved": "https://registry.npmjs.org/tslib/-/tslib-2.4.0.tgz",
      "integrity": "sha512-d6xOpEDfsi2CZVlPQzGeux8XMwLT9hssAsaPYExaQMuYskwb+x1x7J371tWlbBdWHroy99KnVB6qIkUbs5X3UQ=="
    }
  },
  "dependencies": {
    "@kolkov/ngx-gallery": {
      "version": "2.0.1",
      "resolved": "https://registry.npmjs.org/@kolkov/ngx-gallery/-/ngx-gallery-2.0.1.tgz",
      "integrity": "sha512-mTigRy9Ha7bqCF/+GNKeW2Oe8ZILuM5GGMw+ZbvTQWq3X5hngeFFgv8GFG49Py3biX67kb0NhqCP+msLe4wbXQ==",
      "requires": {
        "tslib": "^2.3.0"
      }
    },
    "jquery": {
      "version": "3.6.0",
      "resolved": "https://registry.npmjs.org/jquery/-/jquery-3.6.0.tgz",
      "integrity": "sha512-JVzAR/AjBvVt2BmYhxRCSYysDsPcssdmTFnzyLEts9qNwmjmu4JTAMYubEfwVOSwpQ1I1sKKFcxhZCI2buerfw=="
    },
    "ngx-gallery-9": {
      "version": "1.0.6",
      "resolved": "https://registry.npmjs.org/ngx-gallery-9/-/ngx-gallery-9-1.0.6.tgz",
      "integrity": "sha512-+l8QSZi2D37wZct7ZduTqzXMeEAg3zbazyi3sdMlU7oYZ7n8ai7xjC/rN5QTT/w1gwx85LtAonV9RnNFPHGbuw=="
    },
    "ngx-toastr": {
      "version": "15.0.0",
      "resolved": "https://registry.npmjs.org/ngx-toastr/-/ngx-toastr-15.0.0.tgz",
      "integrity": "sha512-dseyONSYcbm+8hQUCzzyP6CnHGa8WAOGJN7dzGqgBV4sHCDiv5eZ4x/3uo7Fov2OR0O5T47keP7ND3z7tufXeg==",
      "requires": {
        "tslib": "^2.3.0"
      }
    },
    "toastr": {
      "version": "2.1.4",
      "resolved": "https://registry.npmjs.org/toastr/-/toastr-2.1.4.tgz",
      "integrity": "sha512-LIy77F5n+sz4tefMmFOntcJ6HL0Fv3k1TDnNmFZ0bU/GcvIIfy6eG2v7zQmMiYgaalAiUv75ttFrPn5s0gyqlA==",
      "requires": {
        "jquery": ">=1.12.0"
      }
    },
    "tslib": {
      "version": "2.4.0",
      "resolved": "https://registry.npmjs.org/tslib/-/tslib-2.4.0.tgz",
      "integrity": "sha512-d6xOpEDfsi2CZVlPQzGeux8XMwLT9hssAsaPYExaQMuYskwb+x1x7J371tWlbBdWHroy99KnVB6qIkUbs5X3UQ=="
    }
  }
}
